
Microsoft Visual Studio Solution File, Format Version 12.00
# Visual Studio Version 17
VisualStudioVersion = 17.14.36429.23
MinimumVisualStudioVersion = 10.0.40219.1
Project("{FAE04EC0-301F-11D3-BF4B-00C04F79EFBC}") = "Bookstore.Api", "src\Bookstore.Api\Bookstore.Api.csproj", "{0EF99046-0388-D3DA-4788-11F654913D6E}"
EndProject
Project("{FAE04EC0-301F-11D3-BF4B-00C04F79EFBC}") = "Bookstore.Application", "src\Bookstore.Application\Bookstore.Application.csproj", "{A713A98C-09E6-0CD9-8045-FFCEB5C26489}"
EndProject
Project("{FAE04EC0-301F-11D3-BF4B-00C04F79EFBC}") = "Bookstore.Domain", "src\Bookstore.Domain\Bookstore.Domain.csproj", "{58954E82-5A2E-35FD-EF3D-4343C931E9C3}"
EndProject
Project("{FAE04EC0-301F-11D3-BF4B-00C04F79EFBC}") = "Bookstore.Infrastructure", "src\Bookstore.Infrastructure\Bookstore.Infrastructure.csproj", "{A3D51F68-0821-A56F-E479-2A726A97E641}"
EndProject
Global
	GlobalSection(SolutionConfigurationPlatforms) = preSolution
		Debug|Any CPU = Debug|Any CPU
		Release|Any CPU = Release|Any CPU
	EndGlobalSection
	GlobalSection(ProjectConfigurationPlatforms) = postSolution
		{0EF99046-0388-D3DA-4788-11F654913D6E}.Debug|Any CPU.ActiveCfg = Debug|Any CPU
		{0EF99046-0388-D3DA-4788-11F654913D6E}.Debug|Any CPU.Build.0 = Debug|Any CPU
		{0EF99046-0388-D3DA-4788-11F654913D6E}.Release|Any CPU.ActiveCfg = Release|Any CPU
		{0EF99046-0388-D3DA-4788-11F654913D6E}.Release|Any CPU.Build.0 = Release|Any CPU
		{A713A98C-09E6-0CD9-8045-FFCEB5C26489}.Debug|Any CPU.ActiveCfg = Debug|Any CPU
		{A713A98C-09E6-0CD9-8045-FFCEB5C26489}.Debug|Any CPU.Build.0 = Debug|Any CPU
		{A713A98C-09E6-0CD9-8045-FFCEB5C26489}.Release|Any CPU.ActiveCfg = Release|Any CPU
		{A713A98C-09E6-0CD9-8045-FFCEB5C26489}.Release|Any CPU.Build.0 = Release|Any CPU
		{58954E82-5A2E-35FD-EF3D-4343C931E9C3}.Debug|Any CPU.ActiveCfg = Debug|Any CPU
		{58954E82-5A2E-35FD-EF3D-4343C931E9C3}.Debug|Any CPU.Build.0 = Debug|Any CPU
		{58954E82-5A2E-35FD-EF3D-4343C931E9C3}.Release|Any CPU.ActiveCfg = Release|Any CPU
		{58954E82-5A2E-35FD-EF3D-4343C931E9C3}.Release|Any CPU.Build.0 = Release|Any CPU
		{A3D51F68-0821-A56F-E479-2A726A97E641}.Debug|Any CPU.ActiveCfg = Debug|Any CPU
		{A3D51F68-0821-A56F-E479-2A726A97E641}.Debug|Any CPU.Build.0 = Debug|Any CPU
		{A3D51F68-0821-A56F-E479-2A726A97E641}.Release|Any CPU.ActiveCfg = Release|Any CPU
		{A3D51F68-0821-A56F-E479-2A726A97E641}.Release|Any CPU.Build.0 = Release|Any CPU
	EndGlobalSection
	GlobalSection(SolutionProperties) = preSolution
		HideSolutionNode = FALSE
	EndGlobalSection
	GlobalSection(ExtensibilityGlobals) = postSolution
		SolutionGuid = {2D56A9B8-FBF0-493D-8AD7-9E84CE4E3376}
	EndGlobalSection
EndGlobal
